
Microsoft Visual Studio Solution File, Format Version 12.00
# Visual Studio Version 17
VisualStudioVersion = 17.1.32328.378
MinimumVisualStudioVersion = 10.0.40219.1
Project("{FAE04EC0-301F-11D3-BF4B-00C04F79EFBC}") = "NewProject", "NewProject.csproj", "{FBE61F22-FB1A-4E31-82DF-9748DFB92ED6}"
EndProject
Global
	GlobalSection(SolutionConfigurationPlatforms) = preSolution
		Debug|Any CPU = Debug|Any CPU
		Release|Any CPU = Release|Any CPU
	EndGlobalSection
	GlobalSection(ProjectConfigurationPlatforms) = postSolution
		{FBE61F22-FB1A-4E31-82DF-9748DFB92ED6}.Debug|Any CPU.ActiveCfg = Debug|Any CPU
		{FBE61F22-FB1A-4E31-82DF-9748DFB92ED6}.Debug|Any CPU.Build.0 = Debug|Any CPU
		{FBE61F22-FB1A-4E31-82DF-9748DFB92ED6}.Release|Any CPU.ActiveCfg = Release|Any CPU
		{FBE61F22-FB1A-4E31-82DF-9748DFB92ED6}.Release|Any CPU.Build.0 = Release|Any CPU
	EndGlobalSection
	GlobalSection(SolutionProperties) = preSolution
		HideSolutionNode = FALSE
	EndGlobalSection
	GlobalSection(ExtensibilityGlobals) = postSolution
		SolutionGuid = {1995D13B-3C43-445F-A49D-F3E0110CA466}
	EndGlobalSection
EndGlobal
